<?xml version="1.0" encoding="utf-8"?>
<Project ToolsVersion="4.0" xmlns="http://schemas.microsoft.com/developer/msbuild/2003">
  <ItemGroup>
    <Filter Include="源文件">
      <UniqueIdentifier>{4FC737F1-C7A5-4376-A066-2A32D752A2FF}</UniqueIdentifier>
      <Extensions>cpp;c;cc;cxx;def;odl;idl;hpj;bat;asm;asmx</Extensions>
    </Filter>
    <Filter Include="头文件">
      <UniqueIdentifier>{93995380-89BD-4b04-88EB-625FBE52EBFB}</UniqueIdentifier>
      <Extensions>h;hh;hpp;hxx;hm;inl;inc;xsd</Extensions>
    </Filter>
    <Filter Include="资源文件">
      <UniqueIdentifier>{67DA6AB6-F800-4c08-8B7A-83BB121AAD01}</UniqueIdentifier>
      <Extensions>rc;ico;cur;bmp;dlg;rc2;rct;bin;rgs;gif;jpg;jpeg;jpe;resx;tiff;tif;png;wav;mfcribbon-ms</Extensions>
    </Filter>
    <Filter Include="net">
      <UniqueIdentifier>{3c38ebdf-baaf-4426-95a7-77a6c90cc5cf}</UniqueIdentifier>
    </Filter>
    <Filter Include="tools">
      <UniqueIdentifier>{3e50c412-bcda-4f7f-ae11-dd9b40341421}</UniqueIdentifier>
    </Filter>
    <Filter Include="work">
      <UniqueIdentifier>{f6dca85f-bb82-4de9-9103-ef7b96a7d7ba}</UniqueIdentifier>
    </Filter>
  </ItemGroup>
  <ItemGroup>
    <Text Include="ReadMe.txt" />
  </ItemGroup>
  <ItemGroup>
    <ClInclude Include="stdafx.h">
      <Filter>头文件</Filter>
    </ClInclude>
    <ClInclude Include="targetver.h">
      <Filter>头文件</Filter>
    </ClInclude>
    <ClInclude Include="boost_net_socket.hpp">
      <Filter>net</Filter>
    </ClInclude>
    <ClInclude Include="b_net_socket_api.h">
      <Filter>net</Filter>
    </ClInclude>
    <ClInclude Include="net_api.hpp">
      <Filter>net</Filter>
    </ClInclude>
    <ClInclude Include="parser_tools.h">
      <Filter>tools</Filter>
    </ClInclude>
    <ClInclude Include="http_parser_api.h">
      <Filter>tools</Filter>
    </ClInclude>
    <ClInclude Include="http_parser.h">
      <Filter>tools</Filter>
    </ClInclude>
    <ClInclude Include="task_work.h">
      <Filter>work</Filter>
    </ClInclude>
    <ClInclude Include="http_maker.hpp">
      <Filter>tools</Filter>
    </ClInclude>
    <ClInclude Include="gzip_api.h">
      <Filter>tools</Filter>
    </ClInclude>
    <ClInclude Include="demo_work.hpp">
      <Filter>work</Filter>
    </ClInclude>
    <ClInclude Include="echo_server.hpp">
      <Filter>work</Filter>
    </ClInclude>
    <ClInclude Include="get_url_work.hpp">
      <Filter>work</Filter>
    </ClInclude>
    <ClInclude Include="net_tools.hpp">
      <Filter>net</Filter>
    </ClInclude>
    <ClInclude Include="boost_log.hpp">
      <Filter>net</Filter>
    </ClInclude>
  </ItemGroup>
  <ItemGroup>
    <ClCompile Include="stdafx.cpp">
      <Filter>源文件</Filter>
    </ClCompile>
    <ClCompile Include="net_client.cpp">
      <Filter>源文件</Filter>
    </ClCompile>
    <ClCompile Include="net_tools.cpp">
      <Filter>net</Filter>
    </ClCompile>
    <ClCompile Include="boost_net_socket.cpp">
      <Filter>net</Filter>
    </ClCompile>
    <ClCompile Include="b_net_socket_api.cpp">
      <Filter>net</Filter>
    </ClCompile>
    <ClCompile Include="net_api.cpp">
      <Filter>net</Filter>
    </ClCompile>
    <ClCompile Include="parser_tools.cpp">
      <Filter>tools</Filter>
    </ClCompile>
    <ClCompile Include="http_parser.c">
      <Filter>tools</Filter>
    </ClCompile>
    <ClCompile Include="http_parser_api.cpp">
      <Filter>tools</Filter>
    </ClCompile>
    <ClCompile Include="task_work.cpp">
      <Filter>work</Filter>
    </ClCompile>
    <ClCompile Include="gzip_api.cpp">
      <Filter>tools</Filter>
    </ClCompile>
  </ItemGroup>
</Project>